
Microsoft Visual Studio Solution File, Format Version 12.00
# Visual Studio Version 17
VisualStudioVersion = 17.0.31903.59
MinimumVisualStudioVersion = 10.0.40219.1
Project("{9A19103F-16F7-4668-BE54-9A1E7A4F7556}") = "VisitorPatternGenerator", "VisitorPatternGenerator\VisitorPatternGenerator.csproj", "{E068A63B-F173-42E4-95AE-68B7EA177AC0}"
EndProject
Project("{2150E333-8FDC-42A3-9474-1A3956D46DE8}") = "Solution Items", "Solution Items", "{6AEB31BC-AEAC-4A5E-8BF0-EE406A013E06}"
	ProjectSection(SolutionItems) = preProject
		Directory.Build.props = Directory.Build.props
		Directory.Build.targets = Directory.Build.targets
		README.md = README.md
	EndProjectSection
EndProject
Project("{9A19103F-16F7-4668-BE54-9A1E7A4F7556}") = "VisitorPatternGenerator.Tests", "VisitorPatternGenerator.Tests\VisitorPatternGenerator.Tests.csproj", "{456FAB91-D35E-40DA-9BE8-D4004C698B1A}"
EndProject
Global
	GlobalSection(SolutionConfigurationPlatforms) = preSolution
		Debug|Any CPU = Debug|Any CPU
		Release|Any CPU = Release|Any CPU
	EndGlobalSection
	GlobalSection(ProjectConfigurationPlatforms) = postSolution
		{E068A63B-F173-42E4-95AE-68B7EA177AC0}.Debug|Any CPU.ActiveCfg = Debug|Any CPU
		{E068A63B-F173-42E4-95AE-68B7EA177AC0}.Debug|Any CPU.Build.0 = Debug|Any CPU
		{E068A63B-F173-42E4-95AE-68B7EA177AC0}.Release|Any CPU.ActiveCfg = Release|Any CPU
		{E068A63B-F173-42E4-95AE-68B7EA177AC0}.Release|Any CPU.Build.0 = Release|Any CPU
		{456FAB91-D35E-40DA-9BE8-D4004C698B1A}.Debug|Any CPU.ActiveCfg = Debug|Any CPU
		{456FAB91-D35E-40DA-9BE8-D4004C698B1A}.Debug|Any CPU.Build.0 = Debug|Any CPU
		{456FAB91-D35E-40DA-9BE8-D4004C698B1A}.Release|Any CPU.ActiveCfg = Release|Any CPU
		{456FAB91-D35E-40DA-9BE8-D4004C698B1A}.Release|Any CPU.Build.0 = Release|Any CPU
	EndGlobalSection
	GlobalSection(SolutionProperties) = preSolution
		HideSolutionNode = FALSE
	EndGlobalSection
	GlobalSection(ExtensibilityGlobals) = postSolution
		SolutionGuid = {BDBC8806-C86F-4A19-9DC4-3FD9B28A7D3A}
	EndGlobalSection
EndGlobal
